{
  "name": "clearclause",
  "version": "1.0.0",
  "lockfileVersion": 3,
  "requires": true,
  "packages": {
    "": {
      "name": "clearclause",
      "version": "1.0.0",
      "dependencies": {
        "jsonrepair": "^3.9.0"
      }
    },
    "node_modules/jsonrepair": {
      "version": "3.14.1",
      "resolved": "https://registry.npmjs.org/jsonrepair/-/jsonrepair-3.14.1.tgz",
      "integrity": "sha512-NpGgMhmzG/fajkBEFlS9jZvMSGDvc2xN/9wNCHZ+Nx32GZfLRELU6UE6dQkebvrQUct9S+7bvnpX29NB36Qbdw==",
      "license": "ISC",
      "bin": {
        "jsonrepair": "bin/cli.js"
      }
    }
  }
}
